
Microsoft Visual Studio Solution File, Format Version 12.00
Project("{FAE04EC0-301F-11D3-BF4B-00C04F79EFBC}") = "LiftMaster 3000", "LiftMaster 3000\LiftMaster 3000.csproj", "{C4E77C8A-D119-44D1-A982-DDEB4E16A5D9}"
EndProject
Project("{FAE04EC0-301F-11D3-BF4B-00C04F79EFBC}") = "LiftMasterTesting", "LiftMasterTesting\LiftMasterTesting.csproj", "{1F5C30A8-3E17-4536-B177-1529C9973CFC}"
EndProject
Global
	GlobalSection(SolutionConfigurationPlatforms) = preSolution
		Debug|Any CPU = Debug|Any CPU
		Release|Any CPU = Release|Any CPU
	EndGlobalSection
	GlobalSection(ProjectConfigurationPlatforms) = postSolution
		{C4E77C8A-D119-44D1-A982-DDEB4E16A5D9}.Debug|Any CPU.ActiveCfg = Debug|Any CPU
		{C4E77C8A-D119-44D1-A982-DDEB4E16A5D9}.Debug|Any CPU.Build.0 = Debug|Any CPU
		{C4E77C8A-D119-44D1-A982-DDEB4E16A5D9}.Release|Any CPU.ActiveCfg = Release|Any CPU
		{C4E77C8A-D119-44D1-A982-DDEB4E16A5D9}.Release|Any CPU.Build.0 = Release|Any CPU
		{1F5C30A8-3E17-4536-B177-1529C9973CFC}.Debug|Any CPU.ActiveCfg = Debug|Any CPU
		{1F5C30A8-3E17-4536-B177-1529C9973CFC}.Debug|Any CPU.Build.0 = Debug|Any CPU
		{1F5C30A8-3E17-4536-B177-1529C9973CFC}.Release|Any CPU.ActiveCfg = Release|Any CPU
		{1F5C30A8-3E17-4536-B177-1529C9973CFC}.Release|Any CPU.Build.0 = Release|Any CPU
	EndGlobalSection
EndGlobal
